
Microsoft Visual Studio Solution File, Format Version 12.00
# Visual Studio 15
Project("{FAE04EC0-301F-11D3-BF4B-00C04F79EFBC}") = "UniGLTF", "UniGLTF.csproj", "{E939E022-D61C-114D-54D8-C3768760ADB8}"
EndProject
Project("{FAE04EC0-301F-11D3-BF4B-00C04F79EFBC}") = "UniHumanoid", "UniHumanoid.csproj", "{E317A02D-4C06-A37D-4B69-25CF41C67E81}"
EndProject
Project("{FAE04EC0-301F-11D3-BF4B-00C04F79EFBC}") = "VRM", "VRM.csproj", "{36C3E87D-9032-9ACB-1D0C-DC41E90B6303}"
EndProject
Project("{FAE04EC0-301F-11D3-BF4B-00C04F79EFBC}") = "VRMShaders.GLTF.IO.Runtime", "VRMShaders.GLTF.IO.Runtime.csproj", "{736590C9-7763-3F96-7B02-EF497583EE68}"
EndProject
Project("{FAE04EC0-301F-11D3-BF4B-00C04F79EFBC}") = "Assembly-CSharp", "Assembly-CSharp.csproj", "{623E81FF-7F43-48AC-4B33-6B8B13C9F969}"
EndProject
Project("{FAE04EC0-301F-11D3-BF4B-00C04F79EFBC}") = "VRMShaders.VRM10.MToon10.Runtime", "VRMShaders.VRM10.MToon10.Runtime.csproj", "{B4F9DC87-2169-B75A-1A55-EAC111582E69}"
EndProject
Project("{FAE04EC0-301F-11D3-BF4B-00C04F79EFBC}") = "FastSpringBone", "FastSpringBone.csproj", "{C4F835E7-A9FD-BEAD-9E9B-3F4367E906BD}"
EndProject
Project("{FAE04EC0-301F-11D3-BF4B-00C04F79EFBC}") = "VRMShaders.GLTF.UniUnlit.Runtime", "VRMShaders.GLTF.UniUnlit.Runtime.csproj", "{8FB2662C-9AA6-FAD2-13C6-7237E3292715}"
EndProject
Project("{FAE04EC0-301F-11D3-BF4B-00C04F79EFBC}") = "VRMShaders.VRM.IO.Runtime", "VRMShaders.VRM.IO.Runtime.csproj", "{128B762E-D210-2736-2E04-C1A3952861CD}"
EndProject
Project("{FAE04EC0-301F-11D3-BF4B-00C04F79EFBC}") = "MToon", "MToon.csproj", "{7BD9C1AB-2AD8-F77F-1B50-54D9E973A462}"
EndProject
Project("{FAE04EC0-301F-11D3-BF4B-00C04F79EFBC}") = "VRC.SDKBase.Editor.BuildPipeline", "VRC.SDKBase.Editor.BuildPipeline.csproj", "{AEB07F1E-CD75-ADFD-F6E4-88B24E19243D}"
EndProject
Project("{FAE04EC0-301F-11D3-BF4B-00C04F79EFBC}") = "VRMShaders.VRM10.Format.Runtime", "VRMShaders.VRM10.Format.Runtime.csproj", "{C9B3D8ED-B530-7B94-B675-78303474C26D}"
EndProject
Project("{FAE04EC0-301F-11D3-BF4B-00C04F79EFBC}") = "UniGLTF.Samples.ScreenSpace", "UniGLTF.Samples.ScreenSpace.csproj", "{96B27B83-404D-8F37-572A-62C88D38ED87}"
EndProject
Project("{FAE04EC0-301F-11D3-BF4B-00C04F79EFBC}") = "UniGLTF.Tests", "UniGLTF.Tests.csproj", "{F847764D-4E4A-194F-38F3-59493901DD6D}"
EndProject
Project("{FAE04EC0-301F-11D3-BF4B-00C04F79EFBC}") = "Assembly-CSharp-Editor", "Assembly-CSharp-Editor.csproj", "{B3172460-EFF7-CBBA-BE8A-2520725A23EA}"
EndProject
Project("{FAE04EC0-301F-11D3-BF4B-00C04F79EFBC}") = "UniVRM.Editor", "UniVRM.Editor.csproj", "{21E64EEB-51E9-833B-97AD-1E207B973275}"
EndProject
Project("{FAE04EC0-301F-11D3-BF4B-00C04F79EFBC}") = "VRMShaders.GLTF.UniUnlit.Editor", "VRMShaders.GLTF.UniUnlit.Editor.csproj", "{F74210B9-9ED9-F7AF-C7C7-609C66873B2A}"
EndProject
Project("{FAE04EC0-301F-11D3-BF4B-00C04F79EFBC}") = "UniGLTF.Editor", "UniGLTF.Editor.csproj", "{5BF177AD-BF08-6B14-1AEE-4CF9668D9353}"
EndProject
Project("{FAE04EC0-301F-11D3-BF4B-00C04F79EFBC}") = "UniHumanoid.Editor", "UniHumanoid.Editor.csproj", "{AEB2CBCD-6A23-CE09-B91C-7202C8F0D3E7}"
EndProject
Project("{FAE04EC0-301F-11D3-BF4B-00C04F79EFBC}") = "VRM.Tests", "VRM.Tests.csproj", "{BCCC1223-24F9-ACCF-D01A-DA4176448F63}"
EndProject
Project("{FAE04EC0-301F-11D3-BF4B-00C04F79EFBC}") = "VRMShaders.GLTF.IO.Tests", "VRMShaders.GLTF.IO.Tests.csproj", "{1EB34E37-1C7D-C7CA-BFC8-45CA318C73FF}"
EndProject
Project("{FAE04EC0-301F-11D3-BF4B-00C04F79EFBC}") = "VRMShaders.VRM10.MToon10.Editor", "VRMShaders.VRM10.MToon10.Editor.csproj", "{AE976050-9397-59DB-693B-381EDC19C131}"
EndProject
Project("{FAE04EC0-301F-11D3-BF4B-00C04F79EFBC}") = "MToon.Editor", "MToon.Editor.csproj", "{66DFF65A-DBA3-741F-2849-CC00FA74976A}"
EndProject
Project("{FAE04EC0-301F-11D3-BF4B-00C04F79EFBC}") = "VRMShaders.GLTF.IO.Editor", "VRMShaders.GLTF.IO.Editor.csproj", "{328B09F4-3A6E-2E9A-B897-E792FAF1C717}"
EndProject
Project("{FAE04EC0-301F-11D3-BF4B-00C04F79EFBC}") = "VRC.SDKBase.Editor.ShaderStripping", "VRC.SDKBase.Editor.ShaderStripping.csproj", "{7DFBEAB8-05D2-3247-E285-420C79B63CA1}"
EndProject
Project("{FAE04EC0-301F-11D3-BF4B-00C04F79EFBC}") = "VRMShaders.VRM10.MToon10.Tests", "VRMShaders.VRM10.MToon10.Tests.csproj", "{575A97B5-6AB4-FEF2-BB22-ECBE4C6F275E}"
EndProject
Project("{FAE04EC0-301F-11D3-BF4B-00C04F79EFBC}") = "UniHumanoid.Editor.Tests", "UniHumanoid.Editor.Tests.csproj", "{A14B44B0-E498-2B97-FC38-7AD0D88F3A07}"
EndProject
Project("{FAE04EC0-301F-11D3-BF4B-00C04F79EFBC}") = "VRM.Samples.Editor.Tests", "VRM.Samples.Editor.Tests.csproj", "{D7746BF3-097B-E76B-3BF3-6C292F3A5F26}"
EndProject
Project("{FAE04EC0-301F-11D3-BF4B-00C04F79EFBC}") = "VRMShaders.VRM.IO.Editor", "VRMShaders.VRM.IO.Editor.csproj", "{8327FE27-A375-EC2F-511B-9E27B1FD1166}"
EndProject
Global
	GlobalSection(SolutionConfigurationPlatforms) = preSolution
		Debug|Any CPU = Debug|Any CPU
		Release|Any CPU = Release|Any CPU
	EndGlobalSection
	GlobalSection(ProjectConfigurationPlatforms) = postSolution
		{E939E022-D61C-114D-54D8-C3768760ADB8}.Debug|Any CPU.ActiveCfg = Debug|Any CPU
		{E939E022-D61C-114D-54D8-C3768760ADB8}.Debug|Any CPU.Build.0 = Debug|Any CPU
		{E939E022-D61C-114D-54D8-C3768760ADB8}.Release|Any CPU.ActiveCfg = Release|Any CPU
		{E939E022-D61C-114D-54D8-C3768760ADB8}.Release|Any CPU.Build.0 = Release|Any CPU
		{E317A02D-4C06-A37D-4B69-25CF41C67E81}.Debug|Any CPU.ActiveCfg = Debug|Any CPU
		{E317A02D-4C06-A37D-4B69-25CF41C67E81}.Debug|Any CPU.Build.0 = Debug|Any CPU
		{E317A02D-4C06-A37D-4B69-25CF41C67E81}.Release|Any CPU.ActiveCfg = Release|Any CPU
		{E317A02D-4C06-A37D-4B69-25CF41C67E81}.Release|Any CPU.Build.0 = Release|Any CPU
		{36C3E87D-9032-9ACB-1D0C-DC41E90B6303}.Debug|Any CPU.ActiveCfg = Debug|Any CPU
		{36C3E87D-9032-9ACB-1D0C-DC41E90B6303}.Debug|Any CPU.Build.0 = Debug|Any CPU
		{36C3E87D-9032-9ACB-1D0C-DC41E90B6303}.Release|Any CPU.ActiveCfg = Release|Any CPU
		{36C3E87D-9032-9ACB-1D0C-DC41E90B6303}.Release|Any CPU.Build.0 = Release|Any CPU
		{736590C9-7763-3F96-7B02-EF497583EE68}.Debug|Any CPU.ActiveCfg = Debug|Any CPU
		{736590C9-7763-3F96-7B02-EF497583EE68}.Debug|Any CPU.Build.0 = Debug|Any CPU
		{736590C9-7763-3F96-7B02-EF497583EE68}.Release|Any CPU.ActiveCfg = Release|Any CPU
		{736590C9-7763-3F96-7B02-EF497583EE68}.Release|Any CPU.Build.0 = Release|Any CPU
		{623E81FF-7F43-48AC-4B33-6B8B13C9F969}.Debug|Any CPU.ActiveCfg = Debug|Any CPU
		{623E81FF-7F43-48AC-4B33-6B8B13C9F969}.Debug|Any CPU.Build.0 = Debug|Any CPU
		{623E81FF-7F43-48AC-4B33-6B8B13C9F969}.Release|Any CPU.ActiveCfg = Release|Any CPU
		{623E81FF-7F43-48AC-4B33-6B8B13C9F969}.Release|Any CPU.Build.0 = Release|Any CPU
		{B4F9DC87-2169-B75A-1A55-EAC111582E69}.Debug|Any CPU.ActiveCfg = Debug|Any CPU
		{B4F9DC87-2169-B75A-1A55-EAC111582E69}.Debug|Any CPU.Build.0 = Debug|Any CPU
		{B4F9DC87-2169-B75A-1A55-EAC111582E69}.Release|Any CPU.ActiveCfg = Release|Any CPU
		{B4F9DC87-2169-B75A-1A55-EAC111582E69}.Release|Any CPU.Build.0 = Release|Any CPU
		{C4F835E7-A9FD-BEAD-9E9B-3F4367E906BD}.Debug|Any CPU.ActiveCfg = Debug|Any CPU
		{C4F835E7-A9FD-BEAD-9E9B-3F4367E906BD}.Debug|Any CPU.Build.0 = Debug|Any CPU
		{C4F835E7-A9FD-BEAD-9E9B-3F4367E906BD}.Release|Any CPU.ActiveCfg = Release|Any CPU
		{C4F835E7-A9FD-BEAD-9E9B-3F4367E906BD}.Release|Any CPU.Build.0 = Release|Any CPU
		{8FB2662C-9AA6-FAD2-13C6-7237E3292715}.Debug|Any CPU.ActiveCfg = Debug|Any CPU
		{8FB2662C-9AA6-FAD2-13C6-7237E3292715}.Debug|Any CPU.Build.0 = Debug|Any CPU
		{8FB2662C-9AA6-FAD2-13C6-7237E3292715}.Release|Any CPU.ActiveCfg = Release|Any CPU
		{8FB2662C-9AA6-FAD2-13C6-7237E3292715}.Release|Any CPU.Build.0 = Release|Any CPU
		{128B762E-D210-2736-2E04-C1A3952861CD}.Debug|Any CPU.ActiveCfg = Debug|Any CPU
		{128B762E-D210-2736-2E04-C1A3952861CD}.Debug|Any CPU.Build.0 = Debug|Any CPU
		{128B762E-D210-2736-2E04-C1A3952861CD}.Release|Any CPU.ActiveCfg = Release|Any CPU
		{128B762E-D210-2736-2E04-C1A3952861CD}.Release|Any CPU.Build.0 = Release|Any CPU
		{7BD9C1AB-2AD8-F77F-1B50-54D9E973A462}.Debug|Any CPU.ActiveCfg = Debug|Any CPU
		{7BD9C1AB-2AD8-F77F-1B50-54D9E973A462}.Debug|Any CPU.Build.0 = Debug|Any CPU
		{7BD9C1AB-2AD8-F77F-1B50-54D9E973A462}.Release|Any CPU.ActiveCfg = Release|Any CPU
		{7BD9C1AB-2AD8-F77F-1B50-54D9E973A462}.Release|Any CPU.Build.0 = Release|Any CPU
		{AEB07F1E-CD75-ADFD-F6E4-88B24E19243D}.Debug|Any CPU.ActiveCfg = Debug|Any CPU
		{AEB07F1E-CD75-ADFD-F6E4-88B24E19243D}.Debug|Any CPU.Build.0 = Debug|Any CPU
		{AEB07F1E-CD75-ADFD-F6E4-88B24E19243D}.Release|Any CPU.ActiveCfg = Release|Any CPU
		{AEB07F1E-CD75-ADFD-F6E4-88B24E19243D}.Release|Any CPU.Build.0 = Release|Any CPU
		{C9B3D8ED-B530-7B94-B675-78303474C26D}.Debug|Any CPU.ActiveCfg = Debug|Any CPU
		{C9B3D8ED-B530-7B94-B675-78303474C26D}.Debug|Any CPU.Build.0 = Debug|Any CPU
		{C9B3D8ED-B530-7B94-B675-78303474C26D}.Release|Any CPU.ActiveCfg = Release|Any CPU
		{C9B3D8ED-B530-7B94-B675-78303474C26D}.Release|Any CPU.Build.0 = Release|Any CPU
		{96B27B83-404D-8F37-572A-62C88D38ED87}.Debug|Any CPU.ActiveCfg = Debug|Any CPU
		{96B27B83-404D-8F37-572A-62C88D38ED87}.Debug|Any CPU.Build.0 = Debug|Any CPU
		{96B27B83-404D-8F37-572A-62C88D38ED87}.Release|Any CPU.ActiveCfg = Release|Any CPU
		{96B27B83-404D-8F37-572A-62C88D38ED87}.Release|Any CPU.Build.0 = Release|Any CPU
		{F847764D-4E4A-194F-38F3-59493901DD6D}.Debug|Any CPU.ActiveCfg = Debug|Any CPU
		{F847764D-4E4A-194F-38F3-59493901DD6D}.Debug|Any CPU.Build.0 = Debug|Any CPU
		{F847764D-4E4A-194F-38F3-59493901DD6D}.Release|Any CPU.ActiveCfg = Release|Any CPU
		{F847764D-4E4A-194F-38F3-59493901DD6D}.Release|Any CPU.Build.0 = Release|Any CPU
		{B3172460-EFF7-CBBA-BE8A-2520725A23EA}.Debug|Any CPU.ActiveCfg = Debug|Any CPU
		{B3172460-EFF7-CBBA-BE8A-2520725A23EA}.Debug|Any CPU.Build.0 = Debug|Any CPU
		{B3172460-EFF7-CBBA-BE8A-2520725A23EA}.Release|Any CPU.ActiveCfg = Release|Any CPU
		{B3172460-EFF7-CBBA-BE8A-2520725A23EA}.Release|Any CPU.Build.0 = Release|Any CPU
		{21E64EEB-51E9-833B-97AD-1E207B973275}.Debug|Any CPU.ActiveCfg = Debug|Any CPU
		{21E64EEB-51E9-833B-97AD-1E207B973275}.Debug|Any CPU.Build.0 = Debug|Any CPU
		{21E64EEB-51E9-833B-97AD-1E207B973275}.Release|Any CPU.ActiveCfg = Release|Any CPU
		{21E64EEB-51E9-833B-97AD-1E207B973275}.Release|Any CPU.Build.0 = Release|Any CPU
		{F74210B9-9ED9-F7AF-C7C7-609C66873B2A}.Debug|Any CPU.ActiveCfg = Debug|Any CPU
		{F74210B9-9ED9-F7AF-C7C7-609C66873B2A}.Debug|Any CPU.Build.0 = Debug|Any CPU
		{F74210B9-9ED9-F7AF-C7C7-609C66873B2A}.Release|Any CPU.ActiveCfg = Release|Any CPU
		{F74210B9-9ED9-F7AF-C7C7-609C66873B2A}.Release|Any CPU.Build.0 = Release|Any CPU
		{5BF177AD-BF08-6B14-1AEE-4CF9668D9353}.Debug|Any CPU.ActiveCfg = Debug|Any CPU
		{5BF177AD-BF08-6B14-1AEE-4CF9668D9353}.Debug|Any CPU.Build.0 = Debug|Any CPU
		{5BF177AD-BF08-6B14-1AEE-4CF9668D9353}.Release|Any CPU.ActiveCfg = Release|Any CPU
		{5BF177AD-BF08-6B14-1AEE-4CF9668D9353}.Release|Any CPU.Build.0 = Release|Any CPU
		{AEB2CBCD-6A23-CE09-B91C-7202C8F0D3E7}.Debug|Any CPU.ActiveCfg = Debug|Any CPU
		{AEB2CBCD-6A23-CE09-B91C-7202C8F0D3E7}.Debug|Any CPU.Build.0 = Debug|Any CPU
		{AEB2CBCD-6A23-CE09-B91C-7202C8F0D3E7}.Release|Any CPU.ActiveCfg = Release|Any CPU
		{AEB2CBCD-6A23-CE09-B91C-7202C8F0D3E7}.Release|Any CPU.Build.0 = Release|Any CPU
		{BCCC1223-24F9-ACCF-D01A-DA4176448F63}.Debug|Any CPU.ActiveCfg = Debug|Any CPU
		{BCCC1223-24F9-ACCF-D01A-DA4176448F63}.Debug|Any CPU.Build.0 = Debug|Any CPU
		{BCCC1223-24F9-ACCF-D01A-DA4176448F63}.Release|Any CPU.ActiveCfg = Release|Any CPU
		{BCCC1223-24F9-ACCF-D01A-DA4176448F63}.Release|Any CPU.Build.0 = Release|Any CPU
		{1EB34E37-1C7D-C7CA-BFC8-45CA318C73FF}.Debug|Any CPU.ActiveCfg = Debug|Any CPU
		{1EB34E37-1C7D-C7CA-BFC8-45CA318C73FF}.Debug|Any CPU.Build.0 = Debug|Any CPU
		{1EB34E37-1C7D-C7CA-BFC8-45CA318C73FF}.Release|Any CPU.ActiveCfg = Release|Any CPU
		{1EB34E37-1C7D-C7CA-BFC8-45CA318C73FF}.Release|Any CPU.Build.0 = Release|Any CPU
		{AE976050-9397-59DB-693B-381EDC19C131}.Debug|Any CPU.ActiveCfg = Debug|Any CPU
		{AE976050-9397-59DB-693B-381EDC19C131}.Debug|Any CPU.Build.0 = Debug|Any CPU
		{AE976050-9397-59DB-693B-381EDC19C131}.Release|Any CPU.ActiveCfg = Release|Any CPU
		{AE976050-9397-59DB-693B-381EDC19C131}.Release|Any CPU.Build.0 = Release|Any CPU
		{66DFF65A-DBA3-741F-2849-CC00FA74976A}.Debug|Any CPU.ActiveCfg = Debug|Any CPU
		{66DFF65A-DBA3-741F-2849-CC00FA74976A}.Debug|Any CPU.Build.0 = Debug|Any CPU
		{66DFF65A-DBA3-741F-2849-CC00FA74976A}.Release|Any CPU.ActiveCfg = Release|Any CPU
		{66DFF65A-DBA3-741F-2849-CC00FA74976A}.Release|Any CPU.Build.0 = Release|Any CPU
		{328B09F4-3A6E-2E9A-B897-E792FAF1C717}.Debug|Any CPU.ActiveCfg = Debug|Any CPU
		{328B09F4-3A6E-2E9A-B897-E792FAF1C717}.Debug|Any CPU.Build.0 = Debug|Any CPU
		{328B09F4-3A6E-2E9A-B897-E792FAF1C717}.Release|Any CPU.ActiveCfg = Release|Any CPU
		{328B09F4-3A6E-2E9A-B897-E792FAF1C717}.Release|Any CPU.Build.0 = Release|Any CPU
		{7DFBEAB8-05D2-3247-E285-420C79B63CA1}.Debug|Any CPU.ActiveCfg = Debug|Any CPU
		{7DFBEAB8-05D2-3247-E285-420C79B63CA1}.Debug|Any CPU.Build.0 = Debug|Any CPU
		{7DFBEAB8-05D2-3247-E285-420C79B63CA1}.Release|Any CPU.ActiveCfg = Release|Any CPU
		{7DFBEAB8-05D2-3247-E285-420C79B63CA1}.Release|Any CPU.Build.0 = Release|Any CPU
		{575A97B5-6AB4-FEF2-BB22-ECBE4C6F275E}.Debug|Any CPU.ActiveCfg = Debug|Any CPU
		{575A97B5-6AB4-FEF2-BB22-ECBE4C6F275E}.Debug|Any CPU.Build.0 = Debug|Any CPU
		{575A97B5-6AB4-FEF2-BB22-ECBE4C6F275E}.Release|Any CPU.ActiveCfg = Release|Any CPU
		{575A97B5-6AB4-FEF2-BB22-ECBE4C6F275E}.Release|Any CPU.Build.0 = Release|Any CPU
		{A14B44B0-E498-2B97-FC38-7AD0D88F3A07}.Debug|Any CPU.ActiveCfg = Debug|Any CPU
		{A14B44B0-E498-2B97-FC38-7AD0D88F3A07}.Debug|Any CPU.Build.0 = Debug|Any CPU
		{A14B44B0-E498-2B97-FC38-7AD0D88F3A07}.Release|Any CPU.ActiveCfg = Release|Any CPU
		{A14B44B0-E498-2B97-FC38-7AD0D88F3A07}.Release|Any CPU.Build.0 = Release|Any CPU
		{D7746BF3-097B-E76B-3BF3-6C292F3A5F26}.Debug|Any CPU.ActiveCfg = Debug|Any CPU
		{D7746BF3-097B-E76B-3BF3-6C292F3A5F26}.Debug|Any CPU.Build.0 = Debug|Any CPU
		{D7746BF3-097B-E76B-3BF3-6C292F3A5F26}.Release|Any CPU.ActiveCfg = Release|Any CPU
		{D7746BF3-097B-E76B-3BF3-6C292F3A5F26}.Release|Any CPU.Build.0 = Release|Any CPU
		{8327FE27-A375-EC2F-511B-9E27B1FD1166}.Debug|Any CPU.ActiveCfg = Debug|Any CPU
		{8327FE27-A375-EC2F-511B-9E27B1FD1166}.Debug|Any CPU.Build.0 = Debug|Any CPU
		{8327FE27-A375-EC2F-511B-9E27B1FD1166}.Release|Any CPU.ActiveCfg = Release|Any CPU
		{8327FE27-A375-EC2F-511B-9E27B1FD1166}.Release|Any CPU.Build.0 = Release|Any CPU
	EndGlobalSection
	GlobalSection(SolutionProperties) = preSolution
		HideSolutionNode = FALSE
	EndGlobalSection
EndGlobal
